{
  "name": "json-sort1",
  "version": "1.0.0",
  "lockfileVersion": 1,
  "requires": true,
  "dependencies": {
    "json-sort": {
      "version": "1.0.7",
      "resolved": "https://registry.npmjs.org/json-sort/-/json-sort-1.0.7.tgz",
      "integrity": "sha1-CjwXaqzaDxeR/0etgJCbtkImbiE="
    }
  }
}
